
Microsoft Visual Studio Solution File, Format Version 12.00
# Visual Studio 14
VisualStudioVersion = 14.0.25123.0
MinimumVisualStudioVersion = 10.0.40219.1
Project("{159641D6-6404-4A2A-AE62-294DE0FE8301}") = "Проект служб SSIS1", "Проект служб SSIS1\Проект служб SSIS1.dtproj", "{B1F155F3-C30A-4DB7-B294-526EF072201D}"
EndProject
Global
	GlobalSection(SolutionConfigurationPlatforms) = preSolution
		Development|Default = Development|Default
	EndGlobalSection
	GlobalSection(ProjectConfigurationPlatforms) = postSolution
		{B1F155F3-C30A-4DB7-B294-526EF072201D}.Development|Default.ActiveCfg = Development
		{B1F155F3-C30A-4DB7-B294-526EF072201D}.Development|Default.Build.0 = Development
	EndGlobalSection
	GlobalSection(SolutionProperties) = preSolution
		HideSolutionNode = FALSE
	EndGlobalSection
EndGlobal
